// !$*UTF8*$!
{
	archiveVersion = 1;
	classes = {
	};
	objectVersion = 48;
	objects = {

/* Begin PBXBuildFile section */
		3193978834ADA5AA032EABB1 /* Pods_pixel_cityTests.framework in Frameworks */ = {isa = PBXBuildFile; fileRef = 2243C790C5110238C1BF3395 /* Pods_pixel_cityTests.framework */; };
		46A02C361F8DBA47003654FA /* AppDelegate.swift in Sources */ = {isa = PBXBuildFile; fileRef = 46A02C351F8DBA47003654FA /* AppDelegate.swift */; };
		46A02C381F8DBA47003654FA /* MapVC.swift in Sources */ = {isa = PBXBuildFile; fileRef = 46A02C371F8DBA47003654FA /* MapVC.swift */; };
		46A02C3B1F8DBA47003654FA /* Main.storyboard in Resources */ = {isa = PBXBuildFile; fileRef = 46A02C391F8DBA47003654FA /* Main.storyboard */; };
		46A02C3D1F8DBA47003654FA /* Assets.xcassets in Resources */ = {isa = PBXBuildFile; fileRef = 46A02C3C1F8DBA47003654FA /* Assets.xcassets */; };
		46A02C401F8DBA47003654FA /* LaunchScreen.storyboard in Resources */ = {isa = PBXBuildFile; fileRef = 46A02C3E1F8DBA47003654FA /* LaunchScreen.storyboard */; };
		46A02C4B1F8DBA48003654FA /* pixel_cityTests.swift in Sources */ = {isa = PBXBuildFile; fileRef = 46A02C4A1F8DBA48003654FA /* pixel_cityTests.swift */; };
		46A02C561F8DBA48003654FA /* pixel_cityUITests.swift in Sources */ = {isa = PBXBuildFile; fileRef = 46A02C551F8DBA48003654FA /* pixel_cityUITests.swift */; };
		495A06D1FF5DA9594A59192A /* Pods_pixel_city.framework in Frameworks */ = {isa = PBXBuildFile; fileRef = BF23405A8E89B1890BBDD5E1 /* Pods_pixel_city.framework */; };
		A8CA9AFBD27745D5765A56A7 /* Pods_pixel_cityUITests.framework in Frameworks */ = {isa = PBXBuildFile; fileRef = 07EDB028D00E130A8161A83D /* Pods_pixel_cityUITests.framework */; };
/* End PBXBuildFile section */

/* Begin PBXContainerItemProxy section */
		46A02C471F8DBA48003654FA /* PBXContainerItemProxy */ = {
			isa = PBXContainerItemProxy;
			containerPortal = 46A02C2A1F8DBA47003654FA /* Project object */;
			proxyType = 1;
			remoteGlobalIDString = 46A02C311F8DBA47003654FA;
			remoteInfo = "pixel-city";
		};
		46A02C521F8DBA48003654FA /* PBXContainerItemProxy */ = {
			isa = PBXContainerItemProxy;
			containerPortal = 46A02C2A1F8DBA47003654FA /* Project object */;
			proxyType = 1;
			remoteGlobalIDString = 46A02C311F8DBA47003654FA;
			remoteInfo = "pixel-city";
		};
/* End PBXContainerItemProxy section */

/* Begin PBXFileReference section */
		07EDB028D00E130A8161A83D /* Pods_pixel_cityUITests.framework */ = {isa = PBXFileReference; explicitFileType = wrapper.framework; includeInIndex = 0; path = Pods_pixel_cityUITests.framework; sourceTree = BUILT_PRODUCTS_DIR; };
		2040C85BED6C31E6FCBD33AE /* Pods-pixel-cityTests.release.xcconfig */ = {isa = PBXFileReference; includeInIndex = 1; lastKnownFileType = text.xcconfig; name = "Pods-pixel-cityTests.release.xcconfig"; path = "Pods/Target Support Files/Pods-pixel-cityTests/Pods-pixel-cityTests.release.xcconfig"; sourceTree = "<group>"; };
		20EACFF8665F809F79A8BE7C /* Pods-pixel-city.debug.xcconfig */ = {isa = PBXFileReference; includeInIndex = 1; lastKnownFileType = text.xcconfig; name = "Pods-pixel-city.debug.xcconfig"; path = "Pods/Target Support Files/Pods-pixel-city/Pods-pixel-city.debug.xcconfig"; sourceTree = "<group>"; };
		2243C790C5110238C1BF3395 /* Pods_pixel_cityTests.framework */ = {isa = PBXFileReference; explicitFileType = wrapper.framework; includeInIndex = 0; path = Pods_pixel_cityTests.framework; sourceTree = BUILT_PRODUCTS_DIR; };
		46A02C321F8DBA47003654FA /* pixel-city.app */ = {isa = PBXFileReference; explicitFileType = wrapper.application; includeInIndex = 0; path = "pixel-city.app"; sourceTree = BUILT_PRODUCTS_DIR; };
		46A02C351F8DBA47003654FA /* AppDelegate.swift */ = {isa = PBXFileReference; lastKnownFileType = sourcecode.swift; path = AppDelegate.swift; sourceTree = "<group>"; };
		46A02C371F8DBA47003654FA /* MapVC.swift */ = {isa = PBXFileReference; lastKnownFileType = sourcecode.swift; path = MapVC.swift; sourceTree = "<group>"; };
		46A02C3A1F8DBA47003654FA /* Base */ = {isa = PBXFileReference; lastKnownFileType = file.storyboard; name = Base; path = Base.lproj/Main.storyboard; sourceTree = "<group>"; };
		46A02C3C1F8DBA47003654FA /* Assets.xcassets */ = {isa = PBXFileReference; lastKnownFileType = folder.assetcatalog; path = Assets.xcassets; sourceTree = "<group>"; };
		46A02C3F1F8DBA47003654FA /* Base */ = {isa = PBXFileReference; lastKnownFileType = file.storyboard; name = Base; path = Base.lproj/LaunchScreen.storyboard; sourceTree = "<group>"; };
		46A02C411F8DBA47003654FA /* Info.plist */ = {isa = PBXFileReference; lastKnownFileType = text.plist.xml; path = Info.plist; sourceTree = "<group>"; };
		46A02C461F8DBA48003654FA /* pixel-cityTests.xctest */ = {isa = PBXFileReference; explicitFileType = wrapper.cfbundle; includeInIndex = 0; path = "pixel-cityTests.xctest"; sourceTree = BUILT_PRODUCTS_DIR; };
		46A02C4A1F8DBA48003654FA /* pixel_cityTests.swift */ = {isa = PBXFileReference; lastKnownFileType = sourcecode.swift; path = pixel_cityTests.swift; sourceTree = "<group>"; };
		46A02C4C1F8DBA48003654FA /* Info.plist */ = {isa = PBXFileReference; lastKnownFileType = text.plist.xml; path = Info.plist; sourceTree = "<group>"; };
		46A02C511F8DBA48003654FA /* pixel-cityUITests.xctest */ = {isa = PBXFileReference; explicitFileType = wrapper.cfbundle; includeInIndex = 0; path = "pixel-cityUITests.xctest"; sourceTree = BUILT_PRODUCTS_DIR; };
		46A02C551F8DBA48003654FA /* pixel_cityUITests.swift */ = {isa = PBXFileReference; lastKnownFileType = sourcecode.swift; path = pixel_cityUITests.swift; sourceTree = "<group>"; };
		46A02C571F8DBA48003654FA /* Info.plist */ = {isa = PBXFileReference; lastKnownFileType = text.plist.xml; path = Info.plist; sourceTree = "<group>"; };
		7948A12AE5059BA7D93570F1 /* Pods-pixel-cityTests.debug.xcconfig */ = {isa = PBXFileReference; includeInIndex = 1; lastKnownFileType = text.xcconfig; name = "Pods-pixel-cityTests.debug.xcconfig"; path = "Pods/Target Support Files/Pods-pixel-cityTests/Pods-pixel-cityTests.debug.xcconfig"; sourceTree = "<group>"; };
		85098D18F294921F9E1C34E7 /* Pods-pixel-cityUITests.release.xcconfig */ = {isa = PBXFileReference; includeInIndex = 1; lastKnownFileType = text.xcconfig; name = "Pods-pixel-cityUITests.release.xcconfig"; path = "Pods/Target Support Files/Pods-pixel-cityUITests/Pods-pixel-cityUITests.release.xcconfig"; sourceTree = "<group>"; };
		A2D301992ACAE8F2836876B6 /* Pods-pixel-city.release.xcconfig */ = {isa = PBXFileReference; includeInIndex = 1; lastKnownFileType = text.xcconfig; name = "Pods-pixel-city.release.xcconfig"; path = "Pods/Target Support Files/Pods-pixel-city/Pods-pixel-city.release.xcconfig"; sourceTree = "<group>"; };
		BF23405A8E89B1890BBDD5E1 /* Pods_pixel_city.framework */ = {isa = PBXFileReference; explicitFileType = wrapper.framework; includeInIndex = 0; path = Pods_pixel_city.framework; sourceTree = BUILT_PRODUCTS_DIR; };
		DBFC4CA092F2F646092D442E /* Pods-pixel-cityUITests.debug.xcconfig */ = {isa = PBXFileReference; includeInIndex = 1; lastKnownFileType = text.xcconfig; name = "Pods-pixel-cityUITests.debug.xcconfig"; path = "Pods/Target Support Files/Pods-pixel-cityUITests/Pods-pixel-cityUITests.debug.xcconfig"; sourceTree = "<group>"; };
/* End PBXFileReference section */

/* Begin PBXFrameworksBuildPhase section */
		46A02C2F1F8DBA47003654FA /* Frameworks */ = {
			isa = PBXFrameworksBuildPhase;
			buildActionMask = 2147483647;
			files = (
				495A06D1FF5DA9594A59192A /* Pods_pixel_city.framework in Frameworks */,
			);
			runOnlyForDeploymentPostprocessing = 0;
		};
		46A02C431F8DBA48003654FA /* Frameworks */ = {
			isa = PBXFrameworksBuildPhase;
			buildActionMask = 2147483647;
			files = (
				3193978834ADA5AA032EABB1 /* Pods_pixel_cityTests.framework in Frameworks */,
			);
			runOnlyForDeploymentPostprocessing = 0;
		};
		46A02C4E1F8DBA48003654FA /* Frameworks */ = {
			isa = PBXFrameworksBuildPhase;
			buildActionMask = 2147483647;
			files = (
				A8CA9AFBD27745D5765A56A7 /* Pods_pixel_cityUITests.framework in Frameworks */,
			);
			runOnlyForDeploymentPostprocessing = 0;
		};
/* End PBXFrameworksBuildPhase section */

/* Begin PBXGroup section */
		20F01EEF6713ED0B7F4199A1 /* Pods */ = {
			isa = PBXGroup;
			children = (
				20EACFF8665F809F79A8BE7C /* Pods-pixel-city.debug.xcconfig */,
				A2D301992ACAE8F2836876B6 /* Pods-pixel-city.release.xcconfig */,
				7948A12AE5059BA7D93570F1 /* Pods-pixel-cityTests.debug.xcconfig */,
				2040C85BED6C31E6FCBD33AE /* Pods-pixel-cityTests.release.xcconfig */,
				DBFC4CA092F2F646092D442E /* Pods-pixel-cityUITests.debug.xcconfig */,
				85098D18F294921F9E1C34E7 /* Pods-pixel-cityUITests.release.xcconfig */,
			);
			name = Pods;
			sourceTree = "<group>";
		};
		46A02C291F8DBA47003654FA = {
			isa = PBXGroup;
			children = (
				46A02C341F8DBA47003654FA /* pixel-city */,
				46A02C491F8DBA48003654FA /* pixel-cityTests */,
				46A02C541F8DBA48003654FA /* pixel-cityUITests */,
				46A02C331F8DBA47003654FA /* Products */,
				20F01EEF6713ED0B7F4199A1 /* Pods */,
				8ED9B2861737BB512B591C1C /* Frameworks */,
			);
			sourceTree = "<group>";
		};
		46A02C331F8DBA47003654FA /* Products */ = {
			isa = PBXGroup;
			children = (
				46A02C321F8DBA47003654FA /* pixel-city.app */,
				46A02C461F8DBA48003654FA /* pixel-cityTests.xctest */,
				46A02C511F8DBA48003654FA /* pixel-cityUITests.xctest */,
			);
			name = Products;
			sourceTree = "<group>";
		};
		46A02C341F8DBA47003654FA /* pixel-city */ = {
			isa = PBXGroup;
			children = (
				46A02C661F8DBABE003654FA /* Utilities */,
				46A02C651F8DBAB7003654FA /* Extensions */,
				46A02C641F8DBAB1003654FA /* View */,
				46A02C631F8DBA9F003654FA /* Controller */,
				46A02C351F8DBA47003654FA /* AppDelegate.swift */,
				46A02C391F8DBA47003654FA /* Main.storyboard */,
				46A02C3C1F8DBA47003654FA /* Assets.xcassets */,
				46A02C3E1F8DBA47003654FA /* LaunchScreen.storyboard */,
				46A02C411F8DBA47003654FA /* Info.plist */,
			);
			path = "pixel-city";
			sourceTree = "<group>";
		};
		46A02C491F8DBA48003654FA /* pixel-cityTests */ = {
			isa = PBXGroup;
			children = (
				46A02C4A1F8DBA48003654FA /* pixel_cityTests.swift */,
				46A02C4C1F8DBA48003654FA /* Info.plist */,
			);
			path = "pixel-cityTests";
			sourceTree = "<group>";
		};
		46A02C541F8DBA48003654FA /* pixel-cityUITests */ = {
			isa = PBXGroup;
			children = (
				46A02C551F8DBA48003654FA /* pixel_cityUITests.swift */,
				46A02C571F8DBA48003654FA /* Info.plist */,
			);
			path = "pixel-cityUITests";
			sourceTree = "<group>";
		};
		46A02C631F8DBA9F003654FA /* Controller */ = {
			isa = PBXGroup;
			children = (
				46A02C371F8DBA47003654FA /* MapVC.swift */,
			);
			path = Controller;
			sourceTree = "<group>";
		};
		46A02C641F8DBAB1003654FA /* View */ = {
			isa = PBXGroup;
			children = (
			);
			path = View;
			sourceTree = "<group>";
		};
		46A02C651F8DBAB7003654FA /* Extensions */ = {
			isa = PBXGroup;
			children = (
			);
			path = Extensions;
			sourceTree = "<group>";
		};
		46A02C661F8DBABE003654FA /* Utilities */ = {
			isa = PBXGroup;
			children = (
			);
			path = Utilities;
			sourceTree = "<group>";
		};
		8ED9B2861737BB512B591C1C /* Frameworks */ = {
			isa = PBXGroup;
			children = (
				BF23405A8E89B1890BBDD5E1 /* Pods_pixel_city.framework */,
				2243C790C5110238C1BF3395 /* Pods_pixel_cityTests.framework */,
				07EDB028D00E130A8161A83D /* Pods_pixel_cityUITests.framework */,
			);
			name = Frameworks;
			sourceTree = "<group>";
		};
/* End PBXGroup section */

/* Begin PBXNativeTarget section */
		46A02C311F8DBA47003654FA /* pixel-city */ = {
			isa = PBXNativeTarget;
			buildConfigurationList = 46A02C5A1F8DBA48003654FA /* Build configuration list for PBXNativeTarget "pixel-city" */;
			buildPhases = (
				8F1EEDCF3879DA835DA8B3BD /* [CP] Check Pods Manifest.lock */,
				46A02C2E1F8DBA47003654FA /* Sources */,
				46A02C2F1F8DBA47003654FA /* Frameworks */,
				46A02C301F8DBA47003654FA /* Resources */,
				7A4C9A17D56522A010954AB2 /* [CP] Embed Pods Frameworks */,
				1473B6C34EA7D2EE5A09A0A9 /* [CP] Copy Pods Resources */,
			);
			buildRules = (
			);
			dependencies = (
			);
			name = "pixel-city";
			productName = "pixel-city";
			productReference = 46A02C321F8DBA47003654FA /* pixel-city.app */;
			productType = "com.apple.product-type.application";
		};
		46A02C451F8DBA48003654FA /* pixel-cityTests */ = {
			isa = PBXNativeTarget;
			buildConfigurationList = 46A02C5D1F8DBA48003654FA /* Build configuration list for PBXNativeTarget "pixel-cityTests" */;
			buildPhases = (
				313035B0ABF72FCA49746BC0 /* [CP] Check Pods Manifest.lock */,
				46A02C421F8DBA48003654FA /* Sources */,
				46A02C431F8DBA48003654FA /* Frameworks */,
				46A02C441F8DBA48003654FA /* Resources */,
				1EDA7AAD1C7B5569B12E75D4 /* [CP] Embed Pods Frameworks */,
				6AB534B087206692D7BD0A3B /* [CP] Copy Pods Resources */,
			);
			buildRules = (
			);
			dependencies = (
				46A02C481F8DBA48003654FA /* PBXTargetDependency */,
			);
			name = "pixel-cityTests";
			productName = "pixel-cityTests";
			productReference = 46A02C461F8DBA48003654FA /* pixel-cityTests.xctest */;
			productType = "com.apple.product-type.bundle.unit-test";
		};
		46A02C501F8DBA48003654FA /* pixel-cityUITests */ = {
			isa = PBXNativeTarget;
			buildConfigurationList = 46A02C601F8DBA48003654FA /* Build configuration list for PBXNativeTarget "pixel-cityUITests" */;
			buildPhases = (
				0D77AB40B072643B71C3A90C /* [CP] Check Pods Manifest.lock */,
				46A02C4D1F8DBA48003654FA /* Sources */,
				46A02C4E1F8DBA48003654FA /* Frameworks */,
				46A02C4F1F8DBA48003654FA /* Resources */,
				3B3E8122038458460B48BFA9 /* [CP] Embed Pods Frameworks */,
				EEF3C39A0B358F0488FD3AE7 /* [CP] Copy Pods Resources */,
			);
			buildRules = (
			);
			dependencies = (
				46A02C531F8DBA48003654FA /* PBXTargetDependency */,
			);
			name = "pixel-cityUITests";
			productName = "pixel-cityUITests";
			productReference = 46A02C511F8DBA48003654FA /* pixel-cityUITests.xctest */;
			productType = "com.apple.product-type.bundle.ui-testing";
		};
/* End PBXNativeTarget section */

/* Begin PBXProject section */
		46A02C2A1F8DBA47003654FA /* Project object */ = {
			isa = PBXProject;
			attributes = {
				LastSwiftUpdateCheck = 0900;
				LastUpgradeCheck = 0900;
				ORGANIZATIONNAME = reinhart.digital;
				TargetAttributes = {
					46A02C311F8DBA47003654FA = {
						CreatedOnToolsVersion = 9.0;
						ProvisioningStyle = Automatic;
					};
					46A02C451F8DBA48003654FA = {
						CreatedOnToolsVersion = 9.0;
						ProvisioningStyle = Automatic;
						TestTargetID = 46A02C311F8DBA47003654FA;
					};
					46A02C501F8DBA48003654FA = {
						CreatedOnToolsVersion = 9.0;
						ProvisioningStyle = Automatic;
						TestTargetID = 46A02C311F8DBA47003654FA;
					};
				};
			};
			buildConfigurationList = 46A02C2D1F8DBA47003654FA /* Build configuration list for PBXProject "pixel-city" */;
			compatibilityVersion = "Xcode 8.0";
			developmentRegion = en;
			hasScannedForEncodings = 0;
			knownRegions = (
				en,
				Base,
			);
			mainGroup = 46A02C291F8DBA47003654FA;
			productRefGroup = 46A02C331F8DBA47003654FA /* Products */;
			projectDirPath = "";
			projectRoot = "";
			targets = (
				46A02C311F8DBA47003654FA /* pixel-city */,
				46A02C451F8DBA48003654FA /* pixel-cityTests */,
				46A02C501F8DBA48003654FA /* pixel-cityUITests */,
			);
		};
/* End PBXProject section */

/* Begin PBXResourcesBuildPhase section */
		46A02C301F8DBA47003654FA /* Resources */ = {
			isa = PBXResourcesBuildPhase;
			buildActionMask = 2147483647;
			files = (
				46A02C401F8DBA47003654FA /* LaunchScreen.storyboard in Resources */,
				46A02C3D1F8DBA47003654FA /* Assets.xcassets in Resources */,
				46A02C3B1F8DBA47003654FA /* Main.storyboard in Resources */,
			);
			runOnlyForDeploymentPostprocessing = 0;
		};
		46A02C441F8DBA48003654FA /* Resources */ = {
			isa = PBXResourcesBuildPhase;
			buildActionMask = 2147483647;
			files = (
			);
			runOnlyForDeploymentPostprocessing = 0;
		};
		46A02C4F1F8DBA48003654FA /* Resources */ = {
			isa = PBXResourcesBuildPhase;
			buildActionMask = 2147483647;
			files = (
			);
			runOnlyForDeploymentPostprocessing = 0;
		};
/* End PBXResourcesBuildPhase section */

/* Begin PBXShellScriptBuildPhase section */
		0D77AB40B072643B71C3A90C /* [CP] Check Pods Manifest.lock */ = {
			isa = PBXShellScriptBuildPhase;
			buildActionMask = 2147483647;
			files = (
			);
			inputPaths = (
			);
			name = "[CP] Check Pods Manifest.lock";
			outputPaths = (
			);
			runOnlyForDeploymentPostprocessing = 0;
			shellPath = /bin/sh;
			shellScript = "diff \"${PODS_ROOT}/../Podfile.lock\" \"${PODS_ROOT}/Manifest.lock\" > /dev/null\nif [ $? != 0 ] ; then\n    # print error to STDERR\n    echo \"error: The sandbox is not in sync with the Podfile.lock. Run 'pod install' or update your CocoaPods installation.\" >&2\n    exit 1\nfi\n";
			showEnvVarsInLog = 0;
		};
		1473B6C34EA7D2EE5A09A0A9 /* [CP] Copy Pods Resources */ = {
			isa = PBXShellScriptBuildPhase;
			buildActionMask = 2147483647;
			files = (
			);
			inputPaths = (
			);
			name = "[CP] Copy Pods Resources";
			outputPaths = (
			);
			runOnlyForDeploymentPostprocessing = 0;
			shellPath = /bin/sh;
			shellScript = "\"${SRCROOT}/Pods/Target Support Files/Pods-pixel-city/Pods-pixel-city-resources.sh\"\n";
			showEnvVarsInLog = 0;
		};
		1EDA7AAD1C7B5569B12E75D4 /* [CP] Embed Pods Frameworks */ = {
			isa = PBXShellScriptBuildPhase;
			buildActionMask = 2147483647;
			files = (
			);
			inputPaths = (
			);
			name = "[CP] Embed Pods Frameworks";
			outputPaths = (
			);
			runOnlyForDeploymentPostprocessing = 0;
			shellPath = /bin/sh;
			shellScript = "\"${SRCROOT}/Pods/Target Support Files/Pods-pixel-cityTests/Pods-pixel-cityTests-frameworks.sh\"\n";
			showEnvVarsInLog = 0;
		};
		313035B0ABF72FCA49746BC0 /* [CP] Check Pods Manifest.lock */ = {
			isa = PBXShellScriptBuildPhase;
			buildActionMask = 2147483647;
			files = (
			);
			inputPaths = (
			);
			name = "[CP] Check Pods Manifest.lock";
			outputPaths = (
			);
			runOnlyForDeploymentPostprocessing = 0;
			shellPath = /bin/sh;
			shellScript = "diff \"${PODS_ROOT}/../Podfile.lock\" \"${PODS_ROOT}/Manifest.lock\" > /dev/null\nif [ $? != 0 ] ; then\n    # print error to STDERR\n    echo \"error: The sandbox is not in sync with the Podfile.lock. Run 'pod install' or update your CocoaPods installation.\" >&2\n    exit 1\nfi\n";
			showEnvVarsInLog = 0;
		};
		3B3E8122038458460B48BFA9 /* [CP] Embed Pods Frameworks */ = {
			isa = PBXShellScriptBuildPhase;
			buildActionMask = 2147483647;
			files = (
			);
			inputPaths = (
			);
			name = "[CP] Embed Pods Frameworks";
			outputPaths = (
			);
			runOnlyForDeploymentPostprocessing = 0;
			shellPath = /bin/sh;
			shellScript = "\"${SRCROOT}/Pods/Target Support Files/Pods-pixel-cityUITests/Pods-pixel-cityUITests-frameworks.sh\"\n";
			showEnvVarsInLog = 0;
		};
		6AB534B087206692D7BD0A3B /* [CP] Copy Pods Resources */ = {
			isa = PBXShellScriptBuildPhase;
			buildActionMask = 2147483647;
			files = (
			);
			inputPaths = (
			);
			name = "[CP] Copy Pods Resources";
			outputPaths = (
			);
			runOnlyForDeploymentPostprocessing = 0;
			shellPath = /bin/sh;
			shellScript = "\"${SRCROOT}/Pods/Target Support Files/Pods-pixel-cityTests/Pods-pixel-cityTests-resources.sh\"\n";
			showEnvVarsInLog = 0;
		};
		7A4C9A17D56522A010954AB2 /* [CP] Embed Pods Frameworks */ = {
			isa = PBXShellScriptBuildPhase;
			buildActionMask = 2147483647;
			files = (
			);
			inputPaths = (
			);
			name = "[CP] Embed Pods Frameworks";
			outputPaths = (
			);
			runOnlyForDeploymentPostprocessing = 0;
			shellPath = /bin/sh;
			shellScript = "\"${SRCROOT}/Pods/Target Support Files/Pods-pixel-city/Pods-pixel-city-frameworks.sh\"\n";
			showEnvVarsInLog = 0;
		};
		8F1EEDCF3879DA835DA8B3BD /* [CP] Check Pods Manifest.lock */ = {
			isa = PBXShellScriptBuildPhase;
			buildActionMask = 2147483647;
			files = (
			);
			inputPaths = (
			);
			name = "[CP] Check Pods Manifest.lock";
			outputPaths = (
			);
			runOnlyForDeploymentPostprocessing = 0;
			shellPath = /bin/sh;
			shellScript = "diff \"${PODS_ROOT}/../Podfile.lock\" \"${PODS_ROOT}/Manifest.lock\" > /dev/null\nif [ $? != 0 ] ; then\n    # print error to STDERR\n    echo \"error: The sandbox is not in sync with the Podfile.lock. Run 'pod install' or update your CocoaPods installation.\" >&2\n    exit 1\nfi\n";
			showEnvVarsInLog = 0;
		};
		EEF3C39A0B358F0488FD3AE7 /* [CP] Copy Pods Resources */ = {
			isa = PBXShellScriptBuildPhase;
			buildActionMask = 2147483647;
			files = (
			);
			inputPaths = (
			);
			name = "[CP] Copy Pods Resources";
			outputPaths = (
			);
			runOnlyForDeploymentPostprocessing = 0;
			shellPath = /bin/sh;
			shellScript = "\"${SRCROOT}/Pods/Target Support Files/Pods-pixel-cityUITests/Pods-pixel-cityUITests-resources.sh\"\n";
			showEnvVarsInLog = 0;
		};
/* End PBXShellScriptBuildPhase section */

/* Begin PBXSourcesBuildPhase section */
		46A02C2E1F8DBA47003654FA /* Sources */ = {
			isa = PBXSourcesBuildPhase;
			buildActionMask = 2147483647;
			files = (
				46A02C381F8DBA47003654FA /* MapVC.swift in Sources */,
				46A02C361F8DBA47003654FA /* AppDelegate.swift in Sources */,
			);
			runOnlyForDeploymentPostprocessing = 0;
		};
		46A02C421F8DBA48003654FA /* Sources */ = {
			isa = PBXSourcesBuildPhase;
			buildActionMask = 2147483647;
			files = (
				46A02C4B1F8DBA48003654FA /* pixel_cityTests.swift in Sources */,
			);
			runOnlyForDeploymentPostprocessing = 0;
		};
		46A02C4D1F8DBA48003654FA /* Sources */ = {
			isa = PBXSourcesBuildPhase;
			buildActionMask = 2147483647;
			files = (
				46A02C561F8DBA48003654FA /* pixel_cityUITests.swift in Sources */,
			);
			runOnlyForDeploymentPostprocessing = 0;
		};
/* End PBXSourcesBuildPhase section */

/* Begin PBXTargetDependency section */
		46A02C481F8DBA48003654FA /* PBXTargetDependency */ = {
			isa = PBXTargetDependency;
			target = 46A02C311F8DBA47003654FA /* pixel-city */;
			targetProxy = 46A02C471F8DBA48003654FA /* PBXContainerItemProxy */;
		};
		46A02C531F8DBA48003654FA /* PBXTargetDependency */ = {
			isa = PBXTargetDependency;
			target = 46A02C311F8DBA47003654FA /* pixel-city */;
			targetProxy = 46A02C521F8DBA48003654FA /* PBXContainerItemProxy */;
		};
/* End PBXTargetDependency section */

/* Begin PBXVariantGroup section */
		46A02C391F8DBA47003654FA /* Main.storyboard */ = {
			isa = PBXVariantGroup;
			children = (
				46A02C3A1F8DBA47003654FA /* Base */,
			);
			name = Main.storyboard;
			sourceTree = "<group>";
		};
		46A02C3E1F8DBA47003654FA /* LaunchScreen.storyboard */ = {
			isa = PBXVariantGroup;
			children = (
				46A02C3F1F8DBA47003654FA /* Base */,
			);
			name = LaunchScreen.storyboard;
			sourceTree = "<group>";
		};
/* End PBXVariantGroup section */

/* Begin XCBuildConfiguration section */
		46A02C581F8DBA48003654FA /* Debug */ = {
			isa = XCBuildConfiguration;
			buildSettings = {
				ALWAYS_SEARCH_USER_PATHS = NO;
				CLANG_ANALYZER_NONNULL = YES;
				CLANG_ANALYZER_NUMBER_OBJECT_CONVERSION = YES_AGGRESSIVE;
				CLANG_CXX_LANGUAGE_STANDARD = "gnu++14";
				CLANG_CXX_LIBRARY = "libc++";
				CLANG_ENABLE_MODULES = YES;
				CLANG_ENABLE_OBJC_ARC = YES;
				CLANG_WARN_BLOCK_CAPTURE_AUTORELEASING = YES;
				CLANG_WARN_BOOL_CONVERSION = YES;
				CLANG_WARN_COMMA = YES;
				CLANG_WARN_CONSTANT_CONVERSION = YES;
				CLANG_WARN_DIRECT_OBJC_ISA_USAGE = YES_ERROR;
				CLANG_WARN_DOCUMENTATION_COMMENTS = YES;
				CLANG_WARN_EMPTY_BODY = YES;
				CLANG_WARN_ENUM_CONVERSION = YES;
				CLANG_WARN_INFINITE_RECURSION = YES;
				CLANG_WARN_INT_CONVERSION = YES;
				CLANG_WARN_NON_LITERAL_NULL_CONVERSION = YES;
				CLANG_WARN_OBJC_LITERAL_CONVERSION = YES;
				CLANG_WARN_OBJC_ROOT_CLASS = YES_ERROR;
				CLANG_WARN_RANGE_LOOP_ANALYSIS = YES;
				CLANG_WARN_STRICT_PROTOTYPES = YES;
				CLANG_WARN_SUSPICIOUS_MOVE = YES;
				CLANG_WARN_UNGUARDED_AVAILABILITY = YES_AGGRESSIVE;
				CLANG_WARN_UNREACHABLE_CODE = YES;
				CLANG_WARN__DUPLICATE_METHOD_MATCH = YES;
				CODE_SIGN_IDENTITY = "iPhone Developer";
				COPY_PHASE_STRIP = NO;
				DEBUG_INFORMATION_FORMAT = dwarf;
				ENABLE_STRICT_OBJC_MSGSEND = YES;
				ENABLE_TESTABILITY = YES;
				GCC_C_LANGUAGE_STANDARD = gnu11;
				GCC_DYNAMIC_NO_PIC = NO;
				GCC_NO_COMMON_BLOCKS = YES;
				GCC_OPTIMIZATION_LEVEL = 0;
				GCC_PREPROCESSOR_DEFINITIONS = (
					"DEBUG=1",
					"$(inherited)",
				);
				GCC_WARN_64_TO_32_BIT_CONVERSION = YES;
				GCC_WARN_ABOUT_RETURN_TYPE = YES_ERROR;
				GCC_WARN_UNDECLARED_SELECTOR = YES;
				GCC_WARN_UNINITIALIZED_AUTOS = YES_AGGRESSIVE;
				GCC_WARN_UNUSED_FUNCTION = YES;
				GCC_WARN_UNUSED_VARIABLE = YES;
				IPHONEOS_DEPLOYMENT_TARGET = 11.0;
				MTL_ENABLE_DEBUG_INFO = YES;
				ONLY_ACTIVE_ARCH = YES;
				SDKROOT = iphoneos;
				SWIFT_ACTIVE_COMPILATION_CONDITIONS = DEBUG;
				SWIFT_OPTIMIZATION_LEVEL = "-Onone";
			};
			name = Debug;
		};
		46A02C591F8DBA48003654FA /* Release */ = {
			isa = XCBuildConfiguration;
			buildSettings = {
				ALWAYS_SEARCH_USER_PATHS = NO;
				CLANG_ANALYZER_NONNULL = YES;
				CLANG_ANALYZER_NUMBER_OBJECT_CONVERSION = YES_AGGRESSIVE;
				CLANG_CXX_LANGUAGE_STANDARD = "gnu++14";
				CLANG_CXX_LIBRARY = "libc++";
				CLANG_ENABLE_MODULES = YES;
				CLANG_ENABLE_OBJC_ARC = YES;
				CLANG_WARN_BLOCK_CAPTURE_AUTORELEASING = YES;
				CLANG_WARN_BOOL_CONVERSION = YES;
				CLANG_WARN_COMMA = YES;
				CLANG_WARN_CONSTANT_CONVERSION = YES;
				CLANG_WARN_DIRECT_OBJC_ISA_USAGE = YES_ERROR;
				CLANG_WARN_DOCUMENTATION_COMMENTS = YES;
				CLANG_WARN_EMPTY_BODY = YES;
				CLANG_WARN_ENUM_CONVERSION = YES;
				CLANG_WARN_INFINITE_RECURSION = YES;
				CLANG_WARN_INT_CONVERSION = YES;
				CLANG_WARN_NON_LITERAL_NULL_CONVERSION = YES;
				CLANG_WARN_OBJC_LITERAL_CONVERSION = YES;
				CLANG_WARN_OBJC_ROOT_CLASS = YES_ERROR;
				CLANG_WARN_RANGE_LOOP_ANALYSIS = YES;
				CLANG_WARN_STRICT_PROTOTYPES = YES;
				CLANG_WARN_SUSPICIOUS_MOVE = YES;
				CLANG_WARN_UNGUARDED_AVAILABILITY = YES_AGGRESSIVE;
				CLANG_WARN_UNREACHABLE_CODE = YES;
				CLANG_WARN__DUPLICATE_METHOD_MATCH = YES;
				CODE_SIGN_IDENTITY = "iPhone Developer";
				COPY_PHASE_STRIP = NO;
				DEBUG_INFORMATION_FORMAT = "dwarf-with-dsym";
				ENABLE_NS_ASSERTIONS = NO;
				ENABLE_STRICT_OBJC_MSGSEND = YES;
				GCC_C_LANGUAGE_STANDARD = gnu11;
				GCC_NO_COMMON_BLOCKS = YES;
				GCC_WARN_64_TO_32_BIT_CONVERSION = YES;
				GCC_WARN_ABOUT_RETURN_TYPE = YES_ERROR;
				GCC_WARN_UNDECLARED_SELECTOR = YES;
				GCC_WARN_UNINITIALIZED_AUTOS = YES_AGGRESSIVE;
				GCC_WARN_UNUSED_FUNCTION = YES;
				GCC_WARN_UNUSED_VARIABLE = YES;
				IPHONEOS_DEPLOYMENT_TARGET = 11.0;
				MTL_ENABLE_DEBUG_INFO = NO;
				SDKROOT = iphoneos;
				SWIFT_OPTIMIZATION_LEVEL = "-Owholemodule";
				VALIDATE_PRODUCT = YES;
			};
			name = Release;
		};
		46A02C5B1F8DBA48003654FA /* Debug */ = {
			isa = XCBuildConfiguration;
			baseConfigurationReference = 20EACFF8665F809F79A8BE7C /* Pods-pixel-city.debug.xcconfig */;
			buildSettings = {
				ASSETCATALOG_COMPILER_APPICON_NAME = AppIcon;
				CODE_SIGN_STYLE = Automatic;
				DEVELOPMENT_TEAM = 8K33YJR944;
				INFOPLIST_FILE = "pixel-city/Info.plist";
				LD_RUNPATH_SEARCH_PATHS = "$(inherited) @executable_path/Frameworks";
				PRODUCT_BUNDLE_IDENTIFIER = "com.reinhartdigital.pixel-city";
				PRODUCT_NAME = "$(TARGET_NAME)";
				SWIFT_VERSION = 4.0;
				TARGETED_DEVICE_FAMILY = "1,2";
			};
			name = Debug;
		};
		46A02C5C1F8DBA48003654FA /* Release */ = {
			isa = XCBuildConfiguration;
			baseConfigurationReference = A2D301992ACAE8F2836876B6 /* Pods-pixel-city.release.xcconfig */;
			buildSettings = {
				ASSETCATALOG_COMPILER_APPICON_NAME = AppIcon;
				CODE_SIGN_STYLE = Automatic;
				DEVELOPMENT_TEAM = 8K33YJR944;
				INFOPLIST_FILE = "pixel-city/Info.plist";
				LD_RUNPATH_SEARCH_PATHS = "$(inherited) @executable_path/Frameworks";
				PRODUCT_BUNDLE_IDENTIFIER = "com.reinhartdigital.pixel-city";
				PRODUCT_NAME = "$(TARGET_NAME)";
				SWIFT_VERSION = 4.0;
				TARGETED_DEVICE_FAMILY = "1,2";
			};
			name = Release;
		};
		46A02C5E1F8DBA48003654FA /* Debug */ = {
			isa = XCBuildConfiguration;
			baseConfigurationReference = 7948A12AE5059BA7D93570F1 /* Pods-pixel-cityTests.debug.xcconfig */;
			buildSettings = {
				ALWAYS_EMBED_SWIFT_STANDARD_LIBRARIES = YES;
				BUNDLE_LOADER = "$(TEST_HOST)";
				CODE_SIGN_STYLE = Automatic;
				DEVELOPMENT_TEAM = 8K33YJR944;
				INFOPLIST_FILE = "pixel-cityTests/Info.plist";
				LD_RUNPATH_SEARCH_PATHS = "$(inherited) @executable_path/Frameworks @loader_path/Frameworks";
				PRODUCT_BUNDLE_IDENTIFIER = "com.reinhartdigital.pixel-cityTests";
				PRODUCT_NAME = "$(TARGET_NAME)";
				SWIFT_VERSION = 4.0;
				TARGETED_DEVICE_FAMILY = "1,2";
				TEST_HOST = "$(BUILT_PRODUCTS_DIR)/pixel-city.app/pixel-city";
			};
			name = Debug;
		};
		46A02C5F1F8DBA48003654FA /* Release */ = {
			isa = XCBuildConfiguration;
			baseConfigurationReference = 2040C85BED6C31E6FCBD33AE /* Pods-pixel-cityTests.release.xcconfig */;
			buildSettings = {
				ALWAYS_EMBED_SWIFT_STANDARD_LIBRARIES = YES;
				BUNDLE_LOADER = "$(TEST_HOST)";
				CODE_SIGN_STYLE = Automatic;
				DEVELOPMENT_TEAM = 8K33YJR944;
				INFOPLIST_FILE = "pixel-cityTests/Info.plist";
				LD_RUNPATH_SEARCH_PATHS = "$(inherited) @executable_path/Frameworks @loader_path/Frameworks";
				PRODUCT_BUNDLE_IDENTIFIER = "com.reinhartdigital.pixel-cityTests";
				PRODUCT_NAME = "$(TARGET_NAME)";
				SWIFT_VERSION = 4.0;
				TARGETED_DEVICE_FAMILY = "1,2";
				TEST_HOST = "$(BUILT_PRODUCTS_DIR)/pixel-city.app/pixel-city";
			};
			name = Release;
		};
		46A02C611F8DBA48003654FA /* Debug */ = {
			isa = XCBuildConfiguration;
			baseConfigurationReference = DBFC4CA092F2F646092D442E /* Pods-pixel-cityUITests.debug.xcconfig */;
			buildSettings = {
				ALWAYS_EMBED_SWIFT_STANDARD_LIBRARIES = YES;
				CODE_SIGN_STYLE = Automatic;
				DEVELOPMENT_TEAM = 8K33YJR944;
				INFOPLIST_FILE = "pixel-cityUITests/Info.plist";
				LD_RUNPATH_SEARCH_PATHS = "$(inherited) @executable_path/Frameworks @loader_path/Frameworks";
				PRODUCT_BUNDLE_IDENTIFIER = "com.reinhartdigital.pixel-cityUITests";
				PRODUCT_NAME = "$(TARGET_NAME)";
				SWIFT_VERSION = 4.0;
				TARGETED_DEVICE_FAMILY = "1,2";
				TEST_TARGET_NAME = "pixel-city";
			};
			name = Debug;
		};
		46A02C621F8DBA48003654FA /* Release */ = {
			isa = XCBuildConfiguration;
			baseConfigurationReference = 85098D18F294921F9E1C34E7 /* Pods-pixel-cityUITests.release.xcconfig */;
			buildSettings = {
				ALWAYS_EMBED_SWIFT_STANDARD_LIBRARIES = YES;
				CODE_SIGN_STYLE = Automatic;
				DEVELOPMENT_TEAM = 8K33YJR944;
				INFOPLIST_FILE = "pixel-cityUITests/Info.plist";
				LD_RUNPATH_SEARCH_PATHS = "$(inherited) @executable_path/Frameworks @loader_path/Frameworks";
				PRODUCT_BUNDLE_IDENTIFIER = "com.reinhartdigital.pixel-cityUITests";
				PRODUCT_NAME = "$(TARGET_NAME)";
				SWIFT_VERSION = 4.0;
				TARGETED_DEVICE_FAMILY = "1,2";
				TEST_TARGET_NAME = "pixel-city";
			};
			name = Release;
		};
/* End XCBuildConfiguration section */

/* Begin XCConfigurationList section */
		46A02C2D1F8DBA47003654FA /* Build configuration list for PBXProject "pixel-city" */ = {
			isa = XCConfigurationList;
			buildConfigurations = (
				46A02C581F8DBA48003654FA /* Debug */,
				46A02C591F8DBA48003654FA /* Release */,
			);
			defaultConfigurationIsVisible = 0;
			defaultConfigurationName = Release;
		};
		46A02C5A1F8DBA48003654FA /* Build configuration list for PBXNativeTarget "pixel-city" */ = {
			isa = XCConfigurationList;
			buildConfigurations = (
				46A02C5B1F8DBA48003654FA /* Debug */,
				46A02C5C1F8DBA48003654FA /* Release */,
			);
			defaultConfigurationIsVisible = 0;
			defaultConfigurationName = Release;
		};
		46A02C5D1F8DBA48003654FA /* Build configuration list for PBXNativeTarget "pixel-cityTests" */ = {
			isa = XCConfigurationList;
			buildConfigurations = (
				46A02C5E1F8DBA48003654FA /* Debug */,
				46A02C5F1F8DBA48003654FA /* Release */,
			);
			defaultConfigurationIsVisible = 0;
			defaultConfigurationName = Release;
		};
		46A02C601F8DBA48003654FA /* Build configuration list for PBXNativeTarget "pixel-cityUITests" */ = {
			isa = XCConfigurationList;
			buildConfigurations = (
				46A02C611F8DBA48003654FA /* Debug */,
				46A02C621F8DBA48003654FA /* Release */,
			);
			defaultConfigurationIsVisible = 0;
			defaultConfigurationName = Release;
		};
/* End XCConfigurationList section */
	};
	rootObject = 46A02C2A1F8DBA47003654FA /* Project object */;
}
